
Microsoft Visual Studio Solution File, Format Version 12.00
# Visual Studio Version 16
VisualStudioVersion = 16.0.30413.136
MinimumVisualStudioVersion = 10.0.40219.1
Project("{FAE04EC0-301F-11D3-BF4B-00C04F79EFBC}") = "ImageChecker", "ImageChecker\ImageChecker.csproj", "{60B0B801-B443-40A1-92CD-9060FCD6725C}"
EndProject
Global
	GlobalSection(SolutionConfigurationPlatforms) = preSolution
		Debug|Any CPU = Debug|Any CPU
		Release|Any CPU = Release|Any CPU
	EndGlobalSection
	GlobalSection(ProjectConfigurationPlatforms) = postSolution
		{60B0B801-B443-40A1-92CD-9060FCD6725C}.Debug|Any CPU.ActiveCfg = Debug|Any CPU
		{60B0B801-B443-40A1-92CD-9060FCD6725C}.Debug|Any CPU.Build.0 = Debug|Any CPU
		{60B0B801-B443-40A1-92CD-9060FCD6725C}.Release|Any CPU.ActiveCfg = Release|Any CPU
		{60B0B801-B443-40A1-92CD-9060FCD6725C}.Release|Any CPU.Build.0 = Release|Any CPU
	EndGlobalSection
	GlobalSection(SolutionProperties) = preSolution
		HideSolutionNode = FALSE
	EndGlobalSection
	GlobalSection(ExtensibilityGlobals) = postSolution
		SolutionGuid = {16F27F56-0596-4306-9C28-9A4F03850A3E}
	EndGlobalSection
EndGlobal
